
Microsoft Visual Studio Solution File, Format Version 12.00
# Visual Studio Version 16
VisualStudioVersion = 16.0.29209.62
MinimumVisualStudioVersion = 15.0.26124.0
Project("{9A19103F-16F7-4668-BE54-9A1E7A4F7556}") = "Example", "src\Example.csproj", "{80C3C194-1C30-42D3-802A-D247C31CB519}"
EndProject
Project("{9A19103F-16F7-4668-BE54-9A1E7A4F7556}") = "NF.Bot.Hangout", "..\NF.Bot.Hangout\src\NF.Bot.Hangout.csproj", "{4065B4BD-B758-4292-B157-59B5B55DF3B9}"
EndProject
Global
	GlobalSection(SolutionConfigurationPlatforms) = preSolution
		Debug|Any CPU = Debug|Any CPU
		Debug|x64 = Debug|x64
		Debug|x86 = Debug|x86
		Release|Any CPU = Release|Any CPU
		Release|x64 = Release|x64
		Release|x86 = Release|x86
	EndGlobalSection
	GlobalSection(ProjectConfigurationPlatforms) = postSolution
		{80C3C194-1C30-42D3-802A-D247C31CB519}.Debug|Any CPU.ActiveCfg = Debug|Any CPU
		{80C3C194-1C30-42D3-802A-D247C31CB519}.Debug|Any CPU.Build.0 = Debug|Any CPU
		{80C3C194-1C30-42D3-802A-D247C31CB519}.Debug|x64.ActiveCfg = Debug|Any CPU
		{80C3C194-1C30-42D3-802A-D247C31CB519}.Debug|x64.Build.0 = Debug|Any CPU
		{80C3C194-1C30-42D3-802A-D247C31CB519}.Debug|x86.ActiveCfg = Debug|Any CPU
		{80C3C194-1C30-42D3-802A-D247C31CB519}.Debug|x86.Build.0 = Debug|Any CPU
		{80C3C194-1C30-42D3-802A-D247C31CB519}.Release|Any CPU.ActiveCfg = Release|Any CPU
		{80C3C194-1C30-42D3-802A-D247C31CB519}.Release|Any CPU.Build.0 = Release|Any CPU
		{80C3C194-1C30-42D3-802A-D247C31CB519}.Release|x64.ActiveCfg = Release|Any CPU
		{80C3C194-1C30-42D3-802A-D247C31CB519}.Release|x64.Build.0 = Release|Any CPU
		{80C3C194-1C30-42D3-802A-D247C31CB519}.Release|x86.ActiveCfg = Release|Any CPU
		{80C3C194-1C30-42D3-802A-D247C31CB519}.Release|x86.Build.0 = Release|Any CPU
		{4065B4BD-B758-4292-B157-59B5B55DF3B9}.Debug|Any CPU.ActiveCfg = Debug|Any CPU
		{4065B4BD-B758-4292-B157-59B5B55DF3B9}.Debug|Any CPU.Build.0 = Debug|Any CPU
		{4065B4BD-B758-4292-B157-59B5B55DF3B9}.Debug|x64.ActiveCfg = Debug|Any CPU
		{4065B4BD-B758-4292-B157-59B5B55DF3B9}.Debug|x64.Build.0 = Debug|Any CPU
		{4065B4BD-B758-4292-B157-59B5B55DF3B9}.Debug|x86.ActiveCfg = Debug|Any CPU
		{4065B4BD-B758-4292-B157-59B5B55DF3B9}.Debug|x86.Build.0 = Debug|Any CPU
		{4065B4BD-B758-4292-B157-59B5B55DF3B9}.Release|Any CPU.ActiveCfg = Release|Any CPU
		{4065B4BD-B758-4292-B157-59B5B55DF3B9}.Release|Any CPU.Build.0 = Release|Any CPU
		{4065B4BD-B758-4292-B157-59B5B55DF3B9}.Release|x64.ActiveCfg = Release|Any CPU
		{4065B4BD-B758-4292-B157-59B5B55DF3B9}.Release|x64.Build.0 = Release|Any CPU
		{4065B4BD-B758-4292-B157-59B5B55DF3B9}.Release|x86.ActiveCfg = Release|Any CPU
		{4065B4BD-B758-4292-B157-59B5B55DF3B9}.Release|x86.Build.0 = Release|Any CPU
	EndGlobalSection
	GlobalSection(SolutionProperties) = preSolution
		HideSolutionNode = FALSE
	EndGlobalSection
	GlobalSection(ExtensibilityGlobals) = postSolution
		SolutionGuid = {52BC5AD8-49C9-4159-AEB2-566576E1DAC2}
	EndGlobalSection
EndGlobal
