
Microsoft Visual Studio Solution File, Format Version 12.00
# Visual Studio Version 16
VisualStudioVersion = 16.0.29209.62
MinimumVisualStudioVersion = 15.0.26124.0
Project("{9A19103F-16F7-4668-BE54-9A1E7A4F7556}") = "NF.Bot.Hangout", "src\NF.Bot.Hangout.csproj", "{6366B23B-769B-4483-AAD5-433A6E6A7227}"
EndProject
Global
	GlobalSection(SolutionConfigurationPlatforms) = preSolution
		Debug|Any CPU = Debug|Any CPU
		Debug|x64 = Debug|x64
		Debug|x86 = Debug|x86
		Release|Any CPU = Release|Any CPU
		Release|x64 = Release|x64
		Release|x86 = Release|x86
	EndGlobalSection
	GlobalSection(ProjectConfigurationPlatforms) = postSolution
		{6366B23B-769B-4483-AAD5-433A6E6A7227}.Debug|Any CPU.ActiveCfg = Debug|Any CPU
		{6366B23B-769B-4483-AAD5-433A6E6A7227}.Debug|Any CPU.Build.0 = Debug|Any CPU
		{6366B23B-769B-4483-AAD5-433A6E6A7227}.Debug|x64.ActiveCfg = Debug|Any CPU
		{6366B23B-769B-4483-AAD5-433A6E6A7227}.Debug|x64.Build.0 = Debug|Any CPU
		{6366B23B-769B-4483-AAD5-433A6E6A7227}.Debug|x86.ActiveCfg = Debug|Any CPU
		{6366B23B-769B-4483-AAD5-433A6E6A7227}.Debug|x86.Build.0 = Debug|Any CPU
		{6366B23B-769B-4483-AAD5-433A6E6A7227}.Release|Any CPU.ActiveCfg = Release|Any CPU
		{6366B23B-769B-4483-AAD5-433A6E6A7227}.Release|Any CPU.Build.0 = Release|Any CPU
		{6366B23B-769B-4483-AAD5-433A6E6A7227}.Release|x64.ActiveCfg = Release|Any CPU
		{6366B23B-769B-4483-AAD5-433A6E6A7227}.Release|x64.Build.0 = Release|Any CPU
		{6366B23B-769B-4483-AAD5-433A6E6A7227}.Release|x86.ActiveCfg = Release|Any CPU
		{6366B23B-769B-4483-AAD5-433A6E6A7227}.Release|x86.Build.0 = Release|Any CPU
	EndGlobalSection
	GlobalSection(SolutionProperties) = preSolution
		HideSolutionNode = FALSE
	EndGlobalSection
	GlobalSection(ExtensibilityGlobals) = postSolution
		SolutionGuid = {583EDCFE-6C76-4811-8D23-3F3865827D0B}
	EndGlobalSection
EndGlobal
